// !$*UTF8*$!
{
	archiveVersion = 1;
	classes = {
	};
	objectVersion = 55;
	objects = {

/* Begin PBXBuildFile section */
		5C44B47E286F265900142405 /* TaskTableViewCell.swift in Sources */ = {isa = PBXBuildFile; fileRef = 5C44B47C286F265900142405 /* TaskTableViewCell.swift */; };
		5C44B47F286F265900142405 /* TaskTableViewCell.xib in Resources */ = {isa = PBXBuildFile; fileRef = 5C44B47D286F265900142405 /* TaskTableViewCell.xib */; };
		5C44B482286F2A0400142405 /* CoreDataManager.swift in Sources */ = {isa = PBXBuildFile; fileRef = 5C44B481286F2A0400142405 /* CoreDataManager.swift */; };
		5C44B485286F2C2E00142405 /* TaskDetailViewController.swift in Sources */ = {isa = PBXBuildFile; fileRef = 5C44B483286F2C2E00142405 /* TaskDetailViewController.swift */; };
		5C44B486286F2C2E00142405 /* TaskDetailViewController.xib in Resources */ = {isa = PBXBuildFile; fileRef = 5C44B484286F2C2E00142405 /* TaskDetailViewController.xib */; };
		5C4D58832873221A00A4F0CC /* Extensions.swift in Sources */ = {isa = PBXBuildFile; fileRef = 5C4D58822873221A00A4F0CC /* Extensions.swift */; };
		5C5BDB7028770280000911F3 /* SummaryViewController.swift in Sources */ = {isa = PBXBuildFile; fileRef = 5C5BDB6F28770280000911F3 /* SummaryViewController.swift */; };
		5C5DF5F2286DD7FC00524196 /* FloatingButton.swift in Sources */ = {isa = PBXBuildFile; fileRef = 5C5DF5F1286DD7FC00524196 /* FloatingButton.swift */; };
		5C5DF5F8286DDBF300524196 /* Task+CoreDataClass.swift in Sources */ = {isa = PBXBuildFile; fileRef = 5C5DF5F4286DDBF300524196 /* Task+CoreDataClass.swift */; };
		5C5DF5F9286DDBF300524196 /* Task+CoreDataProperties.swift in Sources */ = {isa = PBXBuildFile; fileRef = 5C5DF5F5286DDBF300524196 /* Task+CoreDataProperties.swift */; };
		5C5DF5FA286DDBF300524196 /* TimePunch+CoreDataClass.swift in Sources */ = {isa = PBXBuildFile; fileRef = 5C5DF5F6286DDBF300524196 /* TimePunch+CoreDataClass.swift */; };
		5C5DF5FB286DDBF300524196 /* TimePunch+CoreDataProperties.swift in Sources */ = {isa = PBXBuildFile; fileRef = 5C5DF5F7286DDBF300524196 /* TimePunch+CoreDataProperties.swift */; };
		5C5DF5FE286DDF1C00524196 /* HistoryViewController.swift in Sources */ = {isa = PBXBuildFile; fileRef = 5C5DF5FD286DDF1C00524196 /* HistoryViewController.swift */; };
		5CBA53412875C0F2002C4443 /* TimeHelper.swift in Sources */ = {isa = PBXBuildFile; fileRef = 5CBA53402875C0F2002C4443 /* TimeHelper.swift */; };
		5CEB3FB1287DAAC90056471C /* NotificationManager.swift in Sources */ = {isa = PBXBuildFile; fileRef = 5CEB3FB0287DAAC90056471C /* NotificationManager.swift */; };
		5CEECEC3286B39FB009C6B14 /* AppDelegate.swift in Sources */ = {isa = PBXBuildFile; fileRef = 5CEECEC2286B39FB009C6B14 /* AppDelegate.swift */; };
		5CEECEC5286B39FB009C6B14 /* SceneDelegate.swift in Sources */ = {isa = PBXBuildFile; fileRef = 5CEECEC4286B39FB009C6B14 /* SceneDelegate.swift */; };
		5CEECEC7286B39FB009C6B14 /* TasksListViewController.swift in Sources */ = {isa = PBXBuildFile; fileRef = 5CEECEC6286B39FB009C6B14 /* TasksListViewController.swift */; };
		5CEECECA286B39FB009C6B14 /* Main.storyboard in Resources */ = {isa = PBXBuildFile; fileRef = 5CEECEC8286B39FB009C6B14 /* Main.storyboard */; };
		5CEECECD286B39FB009C6B14 /* __TimeTracking.xcdatamodeld in Sources */ = {isa = PBXBuildFile; fileRef = 5CEECECB286B39FB009C6B14 /* __TimeTracking.xcdatamodeld */; };
		5CEECECF286B39FC009C6B14 /* Assets.xcassets in Resources */ = {isa = PBXBuildFile; fileRef = 5CEECECE286B39FC009C6B14 /* Assets.xcassets */; };
		5CEECED2286B39FC009C6B14 /* LaunchScreen.storyboard in Resources */ = {isa = PBXBuildFile; fileRef = 5CEECED0286B39FC009C6B14 /* LaunchScreen.storyboard */; };
		5CF10939287C5B3F00665A05 /* SummaryTodayViewController.swift in Sources */ = {isa = PBXBuildFile; fileRef = 5CF10937287C5B3F00665A05 /* SummaryTodayViewController.swift */; };
		5CF1093A287C5B3F00665A05 /* SummaryTodayViewController.xib in Resources */ = {isa = PBXBuildFile; fileRef = 5CF10938287C5B3F00665A05 /* SummaryTodayViewController.xib */; };
		5CF1093D287C5B4F00665A05 /* SummaryAllViewController.swift in Sources */ = {isa = PBXBuildFile; fileRef = 5CF1093B287C5B4F00665A05 /* SummaryAllViewController.swift */; };
		5CF1093E287C5B4F00665A05 /* SummaryAllViewController.xib in Resources */ = {isa = PBXBuildFile; fileRef = 5CF1093C287C5B4F00665A05 /* SummaryAllViewController.xib */; };
/* End PBXBuildFile section */

/* Begin PBXFileReference section */
		5C44B47C286F265900142405 /* TaskTableViewCell.swift */ = {isa = PBXFileReference; lastKnownFileType = sourcecode.swift; path = TaskTableViewCell.swift; sourceTree = "<group>"; };
		5C44B47D286F265900142405 /* TaskTableViewCell.xib */ = {isa = PBXFileReference; lastKnownFileType = file.xib; path = TaskTableViewCell.xib; sourceTree = "<group>"; };
		5C44B481286F2A0400142405 /* CoreDataManager.swift */ = {isa = PBXFileReference; lastKnownFileType = sourcecode.swift; path = CoreDataManager.swift; sourceTree = "<group>"; };
		5C44B483286F2C2E00142405 /* TaskDetailViewController.swift */ = {isa = PBXFileReference; lastKnownFileType = sourcecode.swift; path = TaskDetailViewController.swift; sourceTree = "<group>"; };
		5C44B484286F2C2E00142405 /* TaskDetailViewController.xib */ = {isa = PBXFileReference; lastKnownFileType = file.xib; path = TaskDetailViewController.xib; sourceTree = "<group>"; };
		5C4D58822873221A00A4F0CC /* Extensions.swift */ = {isa = PBXFileReference; lastKnownFileType = sourcecode.swift; path = Extensions.swift; sourceTree = "<group>"; };
		5C5BDB6F28770280000911F3 /* SummaryViewController.swift */ = {isa = PBXFileReference; lastKnownFileType = sourcecode.swift; path = SummaryViewController.swift; sourceTree = "<group>"; };
		5C5DF5F1286DD7FC00524196 /* FloatingButton.swift */ = {isa = PBXFileReference; lastKnownFileType = sourcecode.swift; path = FloatingButton.swift; sourceTree = "<group>"; };
		5C5DF5F4286DDBF300524196 /* Task+CoreDataClass.swift */ = {isa = PBXFileReference; lastKnownFileType = sourcecode.swift; path = "Task+CoreDataClass.swift"; sourceTree = "<group>"; };
		5C5DF5F5286DDBF300524196 /* Task+CoreDataProperties.swift */ = {isa = PBXFileReference; lastKnownFileType = sourcecode.swift; path = "Task+CoreDataProperties.swift"; sourceTree = "<group>"; };
		5C5DF5F6286DDBF300524196 /* TimePunch+CoreDataClass.swift */ = {isa = PBXFileReference; lastKnownFileType = sourcecode.swift; path = "TimePunch+CoreDataClass.swift"; sourceTree = "<group>"; };
		5C5DF5F7286DDBF300524196 /* TimePunch+CoreDataProperties.swift */ = {isa = PBXFileReference; lastKnownFileType = sourcecode.swift; path = "TimePunch+CoreDataProperties.swift"; sourceTree = "<group>"; };
		5C5DF5FD286DDF1C00524196 /* HistoryViewController.swift */ = {isa = PBXFileReference; lastKnownFileType = sourcecode.swift; path = HistoryViewController.swift; sourceTree = "<group>"; };
		5CBA53402875C0F2002C4443 /* TimeHelper.swift */ = {isa = PBXFileReference; lastKnownFileType = sourcecode.swift; path = TimeHelper.swift; sourceTree = "<group>"; };
		5CEB3FB0287DAAC90056471C /* NotificationManager.swift */ = {isa = PBXFileReference; lastKnownFileType = sourcecode.swift; path = NotificationManager.swift; sourceTree = "<group>"; };
		5CEECEBF286B39FB009C6B14 /* 8_TimeTracking.app */ = {isa = PBXFileReference; explicitFileType = wrapper.application; includeInIndex = 0; path = 8_TimeTracking.app; sourceTree = BUILT_PRODUCTS_DIR; };
		5CEECEC2286B39FB009C6B14 /* AppDelegate.swift */ = {isa = PBXFileReference; lastKnownFileType = sourcecode.swift; path = AppDelegate.swift; sourceTree = "<group>"; };
		5CEECEC4286B39FB009C6B14 /* SceneDelegate.swift */ = {isa = PBXFileReference; lastKnownFileType = sourcecode.swift; path = SceneDelegate.swift; sourceTree = "<group>"; };
		5CEECEC6286B39FB009C6B14 /* TasksListViewController.swift */ = {isa = PBXFileReference; lastKnownFileType = sourcecode.swift; path = TasksListViewController.swift; sourceTree = "<group>"; };
		5CEECEC9286B39FB009C6B14 /* Base */ = {isa = PBXFileReference; lastKnownFileType = file.storyboard; name = Base; path = Base.lproj/Main.storyboard; sourceTree = "<group>"; };
		5CEECECC286B39FB009C6B14 /* __TimeTracking.xcdatamodel */ = {isa = PBXFileReference; lastKnownFileType = wrapper.xcdatamodel; path = __TimeTracking.xcdatamodel; sourceTree = "<group>"; };
		5CEECECE286B39FC009C6B14 /* Assets.xcassets */ = {isa = PBXFileReference; lastKnownFileType = folder.assetcatalog; path = Assets.xcassets; sourceTree = "<group>"; };
		5CEECED1286B39FC009C6B14 /* Base */ = {isa = PBXFileReference; lastKnownFileType = file.storyboard; name = Base; path = Base.lproj/LaunchScreen.storyboard; sourceTree = "<group>"; };
		5CEECED3286B39FC009C6B14 /* Info.plist */ = {isa = PBXFileReference; lastKnownFileType = text.plist.xml; path = Info.plist; sourceTree = "<group>"; };
		5CF10937287C5B3F00665A05 /* SummaryTodayViewController.swift */ = {isa = PBXFileReference; lastKnownFileType = sourcecode.swift; path = SummaryTodayViewController.swift; sourceTree = "<group>"; };
		5CF10938287C5B3F00665A05 /* SummaryTodayViewController.xib */ = {isa = PBXFileReference; lastKnownFileType = file.xib; path = SummaryTodayViewController.xib; sourceTree = "<group>"; };
		5CF1093B287C5B4F00665A05 /* SummaryAllViewController.swift */ = {isa = PBXFileReference; lastKnownFileType = sourcecode.swift; path = SummaryAllViewController.swift; sourceTree = "<group>"; };
		5CF1093C287C5B4F00665A05 /* SummaryAllViewController.xib */ = {isa = PBXFileReference; lastKnownFileType = file.xib; path = SummaryAllViewController.xib; sourceTree = "<group>"; };
/* End PBXFileReference section */

/* Begin PBXFrameworksBuildPhase section */
		5CEECEBC286B39FB009C6B14 /* Frameworks */ = {
			isa = PBXFrameworksBuildPhase;
			buildActionMask = 2147483647;
			files = (
			);
			runOnlyForDeploymentPostprocessing = 0;
		};
/* End PBXFrameworksBuildPhase section */

/* Begin PBXGroup section */
		5C44B480286F29F300142405 /* managers */ = {
			isa = PBXGroup;
			children = (
				5C44B481286F2A0400142405 /* CoreDataManager.swift */,
				5CEB3FB0287DAAC90056471C /* NotificationManager.swift */,
			);
			path = managers;
			sourceTree = "<group>";
		};
		5C4D58812873220A00A4F0CC /* extensions */ = {
			isa = PBXGroup;
			children = (
				5C4D58822873221A00A4F0CC /* Extensions.swift */,
			);
			path = extensions;
			sourceTree = "<group>";
		};
		5C5DF5F0286DD7B500524196 /* views */ = {
			isa = PBXGroup;
			children = (
				5C5DF5F1286DD7FC00524196 /* FloatingButton.swift */,
				5C44B47C286F265900142405 /* TaskTableViewCell.swift */,
				5C44B47D286F265900142405 /* TaskTableViewCell.xib */,
			);
			path = views;
			sourceTree = "<group>";
		};
		5C5DF5F3286DDA3100524196 /* models */ = {
			isa = PBXGroup;
			children = (
				5C5DF5F4286DDBF300524196 /* Task+CoreDataClass.swift */,
				5C5DF5F5286DDBF300524196 /* Task+CoreDataProperties.swift */,
				5C5DF5F6286DDBF300524196 /* TimePunch+CoreDataClass.swift */,
				5C5DF5F7286DDBF300524196 /* TimePunch+CoreDataProperties.swift */,
			);
			path = models;
			sourceTree = "<group>";
		};
		5C5DF5FC286DDEFA00524196 /* controllers */ = {
			isa = PBXGroup;
			children = (
				5CEECEC6286B39FB009C6B14 /* TasksListViewController.swift */,
				5C5DF5FD286DDF1C00524196 /* HistoryViewController.swift */,
				5C44B483286F2C2E00142405 /* TaskDetailViewController.swift */,
				5C44B484286F2C2E00142405 /* TaskDetailViewController.xib */,
				5C5BDB6F28770280000911F3 /* SummaryViewController.swift */,
				5CF10937287C5B3F00665A05 /* SummaryTodayViewController.swift */,
				5CF10938287C5B3F00665A05 /* SummaryTodayViewController.xib */,
				5CF1093B287C5B4F00665A05 /* SummaryAllViewController.swift */,
				5CF1093C287C5B4F00665A05 /* SummaryAllViewController.xib */,
			);
			path = controllers;
			sourceTree = "<group>";
		};
		5CBA533F2875C0E3002C4443 /* helpers */ = {
			isa = PBXGroup;
			children = (
				5CBA53402875C0F2002C4443 /* TimeHelper.swift */,
			);
			path = helpers;
			sourceTree = "<group>";
		};
		5CEECEB6286B39FB009C6B14 = {
			isa = PBXGroup;
			children = (
				5CEECEC1286B39FB009C6B14 /* 8_TimeTracking */,
				5CEECEC0286B39FB009C6B14 /* Products */,
			);
			sourceTree = "<group>";
		};
		5CEECEC0286B39FB009C6B14 /* Products */ = {
			isa = PBXGroup;
			children = (
				5CEECEBF286B39FB009C6B14 /* 8_TimeTracking.app */,
			);
			name = Products;
			sourceTree = "<group>";
		};
		5CEECEC1286B39FB009C6B14 /* 8_TimeTracking */ = {
			isa = PBXGroup;
			children = (
				5CBA533F2875C0E3002C4443 /* helpers */,
				5C4D58812873220A00A4F0CC /* extensions */,
				5C44B480286F29F300142405 /* managers */,
				5C5DF5FC286DDEFA00524196 /* controllers */,
				5C5DF5F3286DDA3100524196 /* models */,
				5C5DF5F0286DD7B500524196 /* views */,
				5CEECEC2286B39FB009C6B14 /* AppDelegate.swift */,
				5CEECEC4286B39FB009C6B14 /* SceneDelegate.swift */,
				5CEECEC8286B39FB009C6B14 /* Main.storyboard */,
				5CEECECE286B39FC009C6B14 /* Assets.xcassets */,
				5CEECED0286B39FC009C6B14 /* LaunchScreen.storyboard */,
				5CEECED3286B39FC009C6B14 /* Info.plist */,
				5CEECECB286B39FB009C6B14 /* __TimeTracking.xcdatamodeld */,
			);
			path = 8_TimeTracking;
			sourceTree = "<group>";
		};
/* End PBXGroup section */

/* Begin PBXNativeTarget section */
		5CEECEBE286B39FB009C6B14 /* 8_TimeTracking */ = {
			isa = PBXNativeTarget;
			buildConfigurationList = 5CEECED6286B39FC009C6B14 /* Build configuration list for PBXNativeTarget "8_TimeTracking" */;
			buildPhases = (
				5CEECEBB286B39FB009C6B14 /* Sources */,
				5CEECEBC286B39FB009C6B14 /* Frameworks */,
				5CEECEBD286B39FB009C6B14 /* Resources */,
			);
			buildRules = (
			);
			dependencies = (
			);
			name = 8_TimeTracking;
			productName = 8_TimeTracking;
			productReference = 5CEECEBF286B39FB009C6B14 /* 8_TimeTracking.app */;
			productType = "com.apple.product-type.application";
		};
/* End PBXNativeTarget section */

/* Begin PBXProject section */
		5CEECEB7286B39FB009C6B14 /* Project object */ = {
			isa = PBXProject;
			attributes = {
				BuildIndependentTargetsInParallel = 1;
				LastSwiftUpdateCheck = 1320;
				LastUpgradeCheck = 1320;
				TargetAttributes = {
					5CEECEBE286B39FB009C6B14 = {
						CreatedOnToolsVersion = 13.2.1;
					};
				};
			};
			buildConfigurationList = 5CEECEBA286B39FB009C6B14 /* Build configuration list for PBXProject "8_TimeTracking" */;
			compatibilityVersion = "Xcode 13.0";
			developmentRegion = en;
			hasScannedForEncodings = 0;
			knownRegions = (
				en,
				Base,
			);
			mainGroup = 5CEECEB6286B39FB009C6B14;
			productRefGroup = 5CEECEC0286B39FB009C6B14 /* Products */;
			projectDirPath = "";
			projectRoot = "";
			targets = (
				5CEECEBE286B39FB009C6B14 /* 8_TimeTracking */,
			);
		};
/* End PBXProject section */

/* Begin PBXResourcesBuildPhase section */
		5CEECEBD286B39FB009C6B14 /* Resources */ = {
			isa = PBXResourcesBuildPhase;
			buildActionMask = 2147483647;
			files = (
				5CF1093E287C5B4F00665A05 /* SummaryAllViewController.xib in Resources */,
				5C44B47F286F265900142405 /* TaskTableViewCell.xib in Resources */,
				5CF1093A287C5B3F00665A05 /* SummaryTodayViewController.xib in Resources */,
				5CEECED2286B39FC009C6B14 /* LaunchScreen.storyboard in Resources */,
				5CEECECF286B39FC009C6B14 /* Assets.xcassets in Resources */,
				5CEECECA286B39FB009C6B14 /* Main.storyboard in Resources */,
				5C44B486286F2C2E00142405 /* TaskDetailViewController.xib in Resources */,
			);
			runOnlyForDeploymentPostprocessing = 0;
		};
/* End PBXResourcesBuildPhase section */

/* Begin PBXSourcesBuildPhase section */
		5CEECEBB286B39FB009C6B14 /* Sources */ = {
			isa = PBXSourcesBuildPhase;
			buildActionMask = 2147483647;
			files = (
				5CEECEC7286B39FB009C6B14 /* TasksListViewController.swift in Sources */,
				5C5DF5FA286DDBF300524196 /* TimePunch+CoreDataClass.swift in Sources */,
				5C44B47E286F265900142405 /* TaskTableViewCell.swift in Sources */,
				5C5BDB7028770280000911F3 /* SummaryViewController.swift in Sources */,
				5C5DF5FB286DDBF300524196 /* TimePunch+CoreDataProperties.swift in Sources */,
				5C5DF5FE286DDF1C00524196 /* HistoryViewController.swift in Sources */,
				5CEECEC3286B39FB009C6B14 /* AppDelegate.swift in Sources */,
				5C44B482286F2A0400142405 /* CoreDataManager.swift in Sources */,
				5CF10939287C5B3F00665A05 /* SummaryTodayViewController.swift in Sources */,
				5CF1093D287C5B4F00665A05 /* SummaryAllViewController.swift in Sources */,
				5C5DF5F2286DD7FC00524196 /* FloatingButton.swift in Sources */,
				5CEECEC5286B39FB009C6B14 /* SceneDelegate.swift in Sources */,
				5C5DF5F9286DDBF300524196 /* Task+CoreDataProperties.swift in Sources */,
				5C5DF5F8286DDBF300524196 /* Task+CoreDataClass.swift in Sources */,
				5CBA53412875C0F2002C4443 /* TimeHelper.swift in Sources */,
				5CEB3FB1287DAAC90056471C /* NotificationManager.swift in Sources */,
				5C44B485286F2C2E00142405 /* TaskDetailViewController.swift in Sources */,
				5CEECECD286B39FB009C6B14 /* __TimeTracking.xcdatamodeld in Sources */,
				5C4D58832873221A00A4F0CC /* Extensions.swift in Sources */,
			);
			runOnlyForDeploymentPostprocessing = 0;
		};
/* End PBXSourcesBuildPhase section */

/* Begin PBXVariantGroup section */
		5CEECEC8286B39FB009C6B14 /* Main.storyboard */ = {
			isa = PBXVariantGroup;
			children = (
				5CEECEC9286B39FB009C6B14 /* Base */,
			);
			name = Main.storyboard;
			sourceTree = "<group>";
		};
		5CEECED0286B39FC009C6B14 /* LaunchScreen.storyboard */ = {
			isa = PBXVariantGroup;
			children = (
				5CEECED1286B39FC009C6B14 /* Base */,
			);
			name = LaunchScreen.storyboard;
			sourceTree = "<group>";
		};
/* End PBXVariantGroup section */

/* Begin XCBuildConfiguration section */
		5CEECED4286B39FC009C6B14 /* Debug */ = {
			isa = XCBuildConfiguration;
			buildSettings = {
				ALWAYS_SEARCH_USER_PATHS = NO;
				CLANG_ANALYZER_NONNULL = YES;
				CLANG_ANALYZER_NUMBER_OBJECT_CONVERSION = YES_AGGRESSIVE;
				CLANG_CXX_LANGUAGE_STANDARD = "gnu++17";
				CLANG_CXX_LIBRARY = "libc++";
				CLANG_ENABLE_MODULES = YES;
				CLANG_ENABLE_OBJC_ARC = YES;
				CLANG_ENABLE_OBJC_WEAK = YES;
				CLANG_WARN_BLOCK_CAPTURE_AUTORELEASING = YES;
				CLANG_WARN_BOOL_CONVERSION = YES;
				CLANG_WARN_COMMA = YES;
				CLANG_WARN_CONSTANT_CONVERSION = YES;
				CLANG_WARN_DEPRECATED_OBJC_IMPLEMENTATIONS = YES;
				CLANG_WARN_DIRECT_OBJC_ISA_USAGE = YES_ERROR;
				CLANG_WARN_DOCUMENTATION_COMMENTS = YES;
				CLANG_WARN_EMPTY_BODY = YES;
				CLANG_WARN_ENUM_CONVERSION = YES;
				CLANG_WARN_INFINITE_RECURSION = YES;
				CLANG_WARN_INT_CONVERSION = YES;
				CLANG_WARN_NON_LITERAL_NULL_CONVERSION = YES;
				CLANG_WARN_OBJC_IMPLICIT_RETAIN_SELF = YES;
				CLANG_WARN_OBJC_LITERAL_CONVERSION = YES;
				CLANG_WARN_OBJC_ROOT_CLASS = YES_ERROR;
				CLANG_WARN_QUOTED_INCLUDE_IN_FRAMEWORK_HEADER = YES;
				CLANG_WARN_RANGE_LOOP_ANALYSIS = YES;
				CLANG_WARN_STRICT_PROTOTYPES = YES;
				CLANG_WARN_SUSPICIOUS_MOVE = YES;
				CLANG_WARN_UNGUARDED_AVAILABILITY = YES_AGGRESSIVE;
				CLANG_WARN_UNREACHABLE_CODE = YES;
				CLANG_WARN__DUPLICATE_METHOD_MATCH = YES;
				COPY_PHASE_STRIP = NO;
				DEBUG_INFORMATION_FORMAT = dwarf;
				ENABLE_STRICT_OBJC_MSGSEND = YES;
				ENABLE_TESTABILITY = YES;
				GCC_C_LANGUAGE_STANDARD = gnu11;
				GCC_DYNAMIC_NO_PIC = NO;
				GCC_NO_COMMON_BLOCKS = YES;
				GCC_OPTIMIZATION_LEVEL = 0;
				GCC_PREPROCESSOR_DEFINITIONS = (
					"DEBUG=1",
					"$(inherited)",
				);
				GCC_WARN_64_TO_32_BIT_CONVERSION = YES;
				GCC_WARN_ABOUT_RETURN_TYPE = YES_ERROR;
				GCC_WARN_UNDECLARED_SELECTOR = YES;
				GCC_WARN_UNINITIALIZED_AUTOS = YES_AGGRESSIVE;
				GCC_WARN_UNUSED_FUNCTION = YES;
				GCC_WARN_UNUSED_VARIABLE = YES;
				IPHONEOS_DEPLOYMENT_TARGET = 15.2;
				MTL_ENABLE_DEBUG_INFO = INCLUDE_SOURCE;
				MTL_FAST_MATH = YES;
				ONLY_ACTIVE_ARCH = YES;
				SDKROOT = iphoneos;
				SWIFT_ACTIVE_COMPILATION_CONDITIONS = DEBUG;
				SWIFT_OPTIMIZATION_LEVEL = "-Onone";
			};
			name = Debug;
		};
		5CEECED5286B39FC009C6B14 /* Release */ = {
			isa = XCBuildConfiguration;
			buildSettings = {
				ALWAYS_SEARCH_USER_PATHS = NO;
				CLANG_ANALYZER_NONNULL = YES;
				CLANG_ANALYZER_NUMBER_OBJECT_CONVERSION = YES_AGGRESSIVE;
				CLANG_CXX_LANGUAGE_STANDARD = "gnu++17";
				CLANG_CXX_LIBRARY = "libc++";
				CLANG_ENABLE_MODULES = YES;
				CLANG_ENABLE_OBJC_ARC = YES;
				CLANG_ENABLE_OBJC_WEAK = YES;
				CLANG_WARN_BLOCK_CAPTURE_AUTORELEASING = YES;
				CLANG_WARN_BOOL_CONVERSION = YES;
				CLANG_WARN_COMMA = YES;
				CLANG_WARN_CONSTANT_CONVERSION = YES;
				CLANG_WARN_DEPRECATED_OBJC_IMPLEMENTATIONS = YES;
				CLANG_WARN_DIRECT_OBJC_ISA_USAGE = YES_ERROR;
				CLANG_WARN_DOCUMENTATION_COMMENTS = YES;
				CLANG_WARN_EMPTY_BODY = YES;
				CLANG_WARN_ENUM_CONVERSION = YES;
				CLANG_WARN_INFINITE_RECURSION = YES;
				CLANG_WARN_INT_CONVERSION = YES;
				CLANG_WARN_NON_LITERAL_NULL_CONVERSION = YES;
				CLANG_WARN_OBJC_IMPLICIT_RETAIN_SELF = YES;
				CLANG_WARN_OBJC_LITERAL_CONVERSION = YES;
				CLANG_WARN_OBJC_ROOT_CLASS = YES_ERROR;
				CLANG_WARN_QUOTED_INCLUDE_IN_FRAMEWORK_HEADER = YES;
				CLANG_WARN_RANGE_LOOP_ANALYSIS = YES;
				CLANG_WARN_STRICT_PROTOTYPES = YES;
				CLANG_WARN_SUSPICIOUS_MOVE = YES;
				CLANG_WARN_UNGUARDED_AVAILABILITY = YES_AGGRESSIVE;
				CLANG_WARN_UNREACHABLE_CODE = YES;
				CLANG_WARN__DUPLICATE_METHOD_MATCH = YES;
				COPY_PHASE_STRIP = NO;
				DEBUG_INFORMATION_FORMAT = "dwarf-with-dsym";
				ENABLE_NS_ASSERTIONS = NO;
				ENABLE_STRICT_OBJC_MSGSEND = YES;
				GCC_C_LANGUAGE_STANDARD = gnu11;
				GCC_NO_COMMON_BLOCKS = YES;
				GCC_WARN_64_TO_32_BIT_CONVERSION = YES;
				GCC_WARN_ABOUT_RETURN_TYPE = YES_ERROR;
				GCC_WARN_UNDECLARED_SELECTOR = YES;
				GCC_WARN_UNINITIALIZED_AUTOS = YES_AGGRESSIVE;
				GCC_WARN_UNUSED_FUNCTION = YES;
				GCC_WARN_UNUSED_VARIABLE = YES;
				IPHONEOS_DEPLOYMENT_TARGET = 15.2;
				MTL_ENABLE_DEBUG_INFO = NO;
				MTL_FAST_MATH = YES;
				SDKROOT = iphoneos;
				SWIFT_COMPILATION_MODE = wholemodule;
				SWIFT_OPTIMIZATION_LEVEL = "-O";
				VALIDATE_PRODUCT = YES;
			};
			name = Release;
		};
		5CEECED7286B39FC009C6B14 /* Debug */ = {
			isa = XCBuildConfiguration;
			buildSettings = {
				ASSETCATALOG_COMPILER_APPICON_NAME = AppIcon;
				ASSETCATALOG_COMPILER_GLOBAL_ACCENT_COLOR_NAME = AccentColor;
				CODE_SIGN_STYLE = Automatic;
				CURRENT_PROJECT_VERSION = 1;
				DEVELOPMENT_TEAM = 94G2ZP5BW3;
				GENERATE_INFOPLIST_FILE = YES;
				INFOPLIST_FILE = 8_TimeTracking/Info.plist;
				INFOPLIST_KEY_UIApplicationSupportsIndirectInputEvents = YES;
				INFOPLIST_KEY_UILaunchStoryboardName = LaunchScreen;
				INFOPLIST_KEY_UIMainStoryboardFile = Main;
				INFOPLIST_KEY_UISupportedInterfaceOrientations_iPad = "UIInterfaceOrientationPortrait UIInterfaceOrientationPortraitUpsideDown UIInterfaceOrientationLandscapeLeft UIInterfaceOrientationLandscapeRight";
				INFOPLIST_KEY_UISupportedInterfaceOrientations_iPhone = "UIInterfaceOrientationPortrait UIInterfaceOrientationLandscapeLeft UIInterfaceOrientationLandscapeRight";
				LD_RUNPATH_SEARCH_PATHS = (
					"$(inherited)",
					"@executable_path/Frameworks",
				);
				MARKETING_VERSION = 1.0;
				PRODUCT_BUNDLE_IDENTIFIER = "com.davidgj.testsui123.--TimeTracking";
				PRODUCT_NAME = "$(TARGET_NAME)";
				SWIFT_EMIT_LOC_STRINGS = YES;
				SWIFT_VERSION = 5.0;
				TARGETED_DEVICE_FAMILY = "1,2";
			};
			name = Debug;
		};
		5CEECED8286B39FC009C6B14 /* Release */ = {
			isa = XCBuildConfiguration;
			buildSettings = {
				ASSETCATALOG_COMPILER_APPICON_NAME = AppIcon;
				ASSETCATALOG_COMPILER_GLOBAL_ACCENT_COLOR_NAME = AccentColor;
				CODE_SIGN_STYLE = Automatic;
				CURRENT_PROJECT_VERSION = 1;
				DEVELOPMENT_TEAM = 94G2ZP5BW3;
				GENERATE_INFOPLIST_FILE = YES;
				INFOPLIST_FILE = 8_TimeTracking/Info.plist;
				INFOPLIST_KEY_UIApplicationSupportsIndirectInputEvents = YES;
				INFOPLIST_KEY_UILaunchStoryboardName = LaunchScreen;
				INFOPLIST_KEY_UIMainStoryboardFile = Main;
				INFOPLIST_KEY_UISupportedInterfaceOrientations_iPad = "UIInterfaceOrientationPortrait UIInterfaceOrientationPortraitUpsideDown UIInterfaceOrientationLandscapeLeft UIInterfaceOrientationLandscapeRight";
				INFOPLIST_KEY_UISupportedInterfaceOrientations_iPhone = "UIInterfaceOrientationPortrait UIInterfaceOrientationLandscapeLeft UIInterfaceOrientationLandscapeRight";
				LD_RUNPATH_SEARCH_PATHS = (
					"$(inherited)",
					"@executable_path/Frameworks",
				);
				MARKETING_VERSION = 1.0;
				PRODUCT_BUNDLE_IDENTIFIER = "com.davidgj.testsui123.--TimeTracking";
				PRODUCT_NAME = "$(TARGET_NAME)";
				SWIFT_EMIT_LOC_STRINGS = YES;
				SWIFT_VERSION = 5.0;
				TARGETED_DEVICE_FAMILY = "1,2";
			};
			name = Release;
		};
/* End XCBuildConfiguration section */

/* Begin XCConfigurationList section */
		5CEECEBA286B39FB009C6B14 /* Build configuration list for PBXProject "8_TimeTracking" */ = {
			isa = XCConfigurationList;
			buildConfigurations = (
				5CEECED4286B39FC009C6B14 /* Debug */,
				5CEECED5286B39FC009C6B14 /* Release */,
			);
			defaultConfigurationIsVisible = 0;
			defaultConfigurationName = Release;
		};
		5CEECED6286B39FC009C6B14 /* Build configuration list for PBXNativeTarget "8_TimeTracking" */ = {
			isa = XCConfigurationList;
			buildConfigurations = (
				5CEECED7286B39FC009C6B14 /* Debug */,
				5CEECED8286B39FC009C6B14 /* Release */,
			);
			defaultConfigurationIsVisible = 0;
			defaultConfigurationName = Release;
		};
/* End XCConfigurationList section */

/* Begin XCVersionGroup section */
		5CEECECB286B39FB009C6B14 /* __TimeTracking.xcdatamodeld */ = {
			isa = XCVersionGroup;
			children = (
				5CEECECC286B39FB009C6B14 /* __TimeTracking.xcdatamodel */,
			);
			currentVersion = 5CEECECC286B39FB009C6B14 /* __TimeTracking.xcdatamodel */;
			path = __TimeTracking.xcdatamodeld;
			sourceTree = "<group>";
			versionGroupType = wrapper.xcdatamodel;
		};
/* End XCVersionGroup section */
	};
	rootObject = 5CEECEB7286B39FB009C6B14 /* Project object */;
}
